
Microsoft Visual Studio Solution File, Format Version 12.00
# Visual Studio Version 16
VisualStudioVersion = 16.0.31702.278
MinimumVisualStudioVersion = 10.0.40219.1
Project("{FAE04EC0-301F-11D3-BF4B-00C04F79EFBC}") = "TheaterWebsiteProject", "TheaterWebsiteProject\TheaterWebsiteProject.csproj", "{07A8A89A-D819-4417-A6B9-11B7BB5CB00C}"
EndProject
Global
	GlobalSection(SolutionConfigurationPlatforms) = preSolution
		Debug|Any CPU = Debug|Any CPU
		Release|Any CPU = Release|Any CPU
	EndGlobalSection
	GlobalSection(ProjectConfigurationPlatforms) = postSolution
		{07A8A89A-D819-4417-A6B9-11B7BB5CB00C}.Debug|Any CPU.ActiveCfg = Debug|Any CPU
		{07A8A89A-D819-4417-A6B9-11B7BB5CB00C}.Debug|Any CPU.Build.0 = Debug|Any CPU
		{07A8A89A-D819-4417-A6B9-11B7BB5CB00C}.Release|Any CPU.ActiveCfg = Release|Any CPU
		{07A8A89A-D819-4417-A6B9-11B7BB5CB00C}.Release|Any CPU.Build.0 = Release|Any CPU
	EndGlobalSection
	GlobalSection(SolutionProperties) = preSolution
		HideSolutionNode = FALSE
	EndGlobalSection
	GlobalSection(ExtensibilityGlobals) = postSolution
		SolutionGuid = {AD12CFA9-D7D5-4F14-A650-0B0A91054F4A}
	EndGlobalSection
EndGlobal
